// !$*UTF8*$!
{
	archiveVersion = 1;
	classes = {
	};
	objectVersion = 50;
	objects = {

/* Begin PBXBuildFile section */
		7555FF83242A565900829871 /* ChartView.swift in Sources */ = {isa = PBXBuildFile; fileRef = 7555FF82242A565900829871 /* ChartView.swift */; };
		7555FF85242A565B00829871 /* Assets.xcassets in Resources */ = {isa = PBXBuildFile; fileRef = 7555FF84242A565B00829871 /* Assets.xcassets */; };
		7555FF88242A565B00829871 /* Preview Assets.xcassets in Resources */ = {isa = PBXBuildFile; fileRef = 7555FF87242A565B00829871 /* Preview Assets.xcassets */; };
		7555FF8B242A565B00829871 /* LaunchScreen.storyboard in Resources */ = {isa = PBXBuildFile; fileRef = 7555FF89242A565B00829871 /* LaunchScreen.storyboard */; };
		7555FF96242A565B00829871 /* iosAppTests.swift in Sources */ = {isa = PBXBuildFile; fileRef = 7555FF95242A565B00829871 /* iosAppTests.swift */; };
		7555FFA1242A565B00829871 /* iosAppUITests.swift in Sources */ = {isa = PBXBuildFile; fileRef = 7555FFA0242A565B00829871 /* iosAppUITests.swift */; };
		9A02CAE92A5B195E00BF6E36 /* LeaderboardEndpoints.swift in Sources */ = {isa = PBXBuildFile; fileRef = 9A02CAE82A5B195E00BF6E36 /* LeaderboardEndpoints.swift */; };
		9A037C232A68780D00A86C12 /* StringConstants.swift in Sources */ = {isa = PBXBuildFile; fileRef = 9A037C222A68780D00A86C12 /* StringConstants.swift */; };
		9A037C252A6879C400A86C12 /* en.lproj in Resources */ = {isa = PBXBuildFile; fileRef = 9A037C242A6879C400A86C12 /* en.lproj */; };
		9A0E8F4128BBBDE200AE3EB2 /* Command.swift in Sources */ = {isa = PBXBuildFile; fileRef = 9A0E8F4028BBBDE200AE3EB2 /* Command.swift */; };
		9A0E8F4328BBBE1200AE3EB2 /* NextCommand.swift in Sources */ = {isa = PBXBuildFile; fileRef = 9A0E8F4228BBBE1200AE3EB2 /* NextCommand.swift */; };
		9A0E8F4628BBE51A00AE3EB2 /* LongCommand.swift in Sources */ = {isa = PBXBuildFile; fileRef = 9A0E8F4528BBE51A00AE3EB2 /* LongCommand.swift */; };
		9A0E8F4828BBE53300AE3EB2 /* ShortCommand.swift in Sources */ = {isa = PBXBuildFile; fileRef = 9A0E8F4728BBE53300AE3EB2 /* ShortCommand.swift */; };
		9A0E8F4A28BBE56B00AE3EB2 /* ClosePositionCommand.swift in Sources */ = {isa = PBXBuildFile; fileRef = 9A0E8F4928BBE56B00AE3EB2 /* ClosePositionCommand.swift */; };
		9A1B1CCD28A2C72900DF555D /* LeaderboardMapper.swift in Sources */ = {isa = PBXBuildFile; fileRef = 9A1B1CCC28A2C72900DF555D /* LeaderboardMapper.swift */; };
		9A1B1CCF28A2C81E00DF555D /* LeaderboardUiModels.swift in Sources */ = {isa = PBXBuildFile; fileRef = 9A1B1CCE28A2C81E00DF555D /* LeaderboardUiModels.swift */; };
		9A2297D728B160C000AEE424 /* NSDecimalNumberExtensions.swift in Sources */ = {isa = PBXBuildFile; fileRef = 9A2297D628B160C000AEE424 /* NSDecimalNumberExtensions.swift */; };
		9A4C4767279C8DF5006F002E /* Data.xcdatamodeld in Sources */ = {isa = PBXBuildFile; fileRef = 9A4C4765279C8DF5006F002E /* Data.xcdatamodeld */; };
		9A4C4769279D9A8B006F002E /* PositionsView.swift in Sources */ = {isa = PBXBuildFile; fileRef = 9A4C4768279D9A8B006F002E /* PositionsView.swift */; };
		9A4C476B279DA56C006F002E /* CoreDataInventory.swift in Sources */ = {isa = PBXBuildFile; fileRef = 9A4C476A279DA56C006F002E /* CoreDataInventory.swift */; };
		9A5942DC2932C7A800220AD5 /* Period.swift in Sources */ = {isa = PBXBuildFile; fileRef = 9A5942DB2932C7A800220AD5 /* Period.swift */; };
		9A5A68152886ECF3009323C2 /* LeaderboardView.swift in Sources */ = {isa = PBXBuildFile; fileRef = 9A5A68142886ECF3009323C2 /* LeaderboardView.swift */; };
		9A5A68172886F70D009323C2 /* LeadersObservableObject.swift in Sources */ = {isa = PBXBuildFile; fileRef = 9A5A68162886F70D009323C2 /* LeadersObservableObject.swift */; };
		9A5F8C5A288860C8003DCC31 /* Snackbar.swift in Sources */ = {isa = PBXBuildFile; fileRef = 9A5F8C59288860C8003DCC31 /* Snackbar.swift */; };
		9A60CB80272B2136004C2726 /* ChartObservableObject.swift in Sources */ = {isa = PBXBuildFile; fileRef = 9A60CB7F272B2136004C2726 /* ChartObservableObject.swift */; };
		9A6AC99728A15ED100FE98E1 /* URLSession.swift in Sources */ = {isa = PBXBuildFile; fileRef = 9A6AC99628A15ED000FE98E1 /* URLSession.swift */; };
		9A71CB5A2870F29800A34D98 /* MainTabView.swift in Sources */ = {isa = PBXBuildFile; fileRef = 9A71CB592870F29800A34D98 /* MainTabView.swift */; };
		9A7274572B138C8500BCA8CA /* LineDecoration.swift in Sources */ = {isa = PBXBuildFile; fileRef = 9A7274562B138C8500BCA8CA /* LineDecoration.swift */; };
		9A81E0DA292FE097001DD835 /* InitChartCommand.swift in Sources */ = {isa = PBXBuildFile; fileRef = 9A81E0D9292FE097001DD835 /* InitChartCommand.swift */; };
		9A85D8AD2B3B55A5001887B1 /* ObjC.m in Sources */ = {isa = PBXBuildFile; fileRef = 9A85D8AC2B3B55A5001887B1 /* ObjC.m */; };
		9A87FE3128D89DB1002BE66C /* PriceFormatUtils.swift in Sources */ = {isa = PBXBuildFile; fileRef = 9A87FE3028D89DB1002BE66C /* PriceFormatUtils.swift */; };
		9A87FE3428D89F85002BE66C /* ShortPositionsProcessor.swift in Sources */ = {isa = PBXBuildFile; fileRef = 9A87FE3328D89F85002BE66C /* ShortPositionsProcessor.swift */; };
		9A8A623D27A5D6C3002C4967 /* PositionsObservableObject.swift in Sources */ = {isa = PBXBuildFile; fileRef = 9A8A623C27A5D6C3002C4967 /* PositionsObservableObject.swift */; };
		9A8ED6D628A3B659008E8C2D /* LeaderboardModels.swift in Sources */ = {isa = PBXBuildFile; fileRef = 9A8ED6D528A3B659008E8C2D /* LeaderboardModels.swift */; };
		9A9045BC288B1E8B005814BC /* Keychain.swift in Sources */ = {isa = PBXBuildFile; fileRef = 9A9045BB288B1E8B005814BC /* Keychain.swift */; };
		9A90DC8C2AEDB78F0022C20C /* CollectionExtensions.swift in Sources */ = {isa = PBXBuildFile; fileRef = 9A90DC8B2AEDB78F0022C20C /* CollectionExtensions.swift */; };
		9A92F00828A92CE30025FDBB /* PositionsCalculator.swift in Sources */ = {isa = PBXBuildFile; fileRef = 9A92F00728A92CE30025FDBB /* PositionsCalculator.swift */; };
		9A96216229E43EE50064C786 /* ProfileObservableObject.swift in Sources */ = {isa = PBXBuildFile; fileRef = 9A96216129E43EE50064C786 /* ProfileObservableObject.swift */; };
		9A9F5E9C2A7FE8910020B908 /* ChartPeriod.swift in Sources */ = {isa = PBXBuildFile; fileRef = 9A9F5E9B2A7FE8910020B908 /* ChartPeriod.swift */; };
		9AA4D6F129BE8320003F149B /* ChartUiState.swift in Sources */ = {isa = PBXBuildFile; fileRef = 9AA4D6F029BE8320003F149B /* ChartUiState.swift */; };
		9AA5306B29E02BCC0052D245 /* PositionSizeBottomSheetView.swift in Sources */ = {isa = PBXBuildFile; fileRef = 9AA5306A29E02BCC0052D245 /* PositionSizeBottomSheetView.swift */; };
		9AA5306E29E056920052D245 /* PositionSizeUserDefaults.swift in Sources */ = {isa = PBXBuildFile; fileRef = 9AA5306D29E056920052D245 /* PositionSizeUserDefaults.swift */; };
		9AA5307229E345D10052D245 /* ProfileView.swift in Sources */ = {isa = PBXBuildFile; fileRef = 9AA5307129E345D10052D245 /* ProfileView.swift */; };
		9AA9C8C928FAEF60003AD958 /* ChartApp.swift in Sources */ = {isa = PBXBuildFile; fileRef = 9AA9C8C828FAEF60003AD958 /* ChartApp.swift */; };
		9AAAAA4328F4A04200FA8D2A /* ViewExtensions.swift in Sources */ = {isa = PBXBuildFile; fileRef = 9AAAAA4228F4A04200FA8D2A /* ViewExtensions.swift */; };
		9AAAAA4528F4A0AA00FA8D2A /* SessionResultView.swift in Sources */ = {isa = PBXBuildFile; fileRef = 9AAAAA4428F4A0AA00FA8D2A /* SessionResultView.swift */; };
		9AAAAA4728F59B3A00FA8D2A /* AppRootView.swift in Sources */ = {isa = PBXBuildFile; fileRef = 9AAAAA4628F59B3A00FA8D2A /* AppRootView.swift */; };
		9AAC090729059D220004775D /* Constants.swift in Sources */ = {isa = PBXBuildFile; fileRef = 9AAC090629059D220004775D /* Constants.swift */; };
		9AAE436B2B49F146009EFF29 /* ResetCommand.swift in Sources */ = {isa = PBXBuildFile; fileRef = 9AAE436A2B49F146009EFF29 /* ResetCommand.swift */; };
		9ABEFEB12858AD7700F8EF80 /* UiPosition.swift in Sources */ = {isa = PBXBuildFile; fileRef = 9ABEFEB02858AD7700F8EF80 /* UiPosition.swift */; };
		9ABEFEB32858ADAA00F8EF80 /* UiActionButton.swift in Sources */ = {isa = PBXBuildFile; fileRef = 9ABEFEB22858ADAA00F8EF80 /* UiActionButton.swift */; };
		9ABEFEB52858B1AD00F8EF80 /* PositionsMapper.swift in Sources */ = {isa = PBXBuildFile; fileRef = 9ABEFEB42858B1AD00F8EF80 /* PositionsMapper.swift */; };
		9AFBCBE02A80510E00924FB6 /* ShowPositionCommand.swift in Sources */ = {isa = PBXBuildFile; fileRef = 9AFBCBDF2A80510E00924FB6 /* ShowPositionCommand.swift */; };
/* End PBXBuildFile section */

/* Begin PBXContainerItemProxy section */
		7555FF92242A565B00829871 /* PBXContainerItemProxy */ = {
			isa = PBXContainerItemProxy;
			containerPortal = 7555FF73242A565900829871 /* Project object */;
			proxyType = 1;
			remoteGlobalIDString = 7555FF7A242A565900829871;
			remoteInfo = iosApp;
		};
		7555FF9D242A565B00829871 /* PBXContainerItemProxy */ = {
			isa = PBXContainerItemProxy;
			containerPortal = 7555FF73242A565900829871 /* Project object */;
			proxyType = 1;
			remoteGlobalIDString = 7555FF7A242A565900829871;
			remoteInfo = iosApp;
		};
/* End PBXContainerItemProxy section */

/* Begin PBXFileReference section */
		7555FF7B242A565900829871 /* RandomChartGame.app */ = {isa = PBXFileReference; explicitFileType = wrapper.application; includeInIndex = 0; path = RandomChartGame.app; sourceTree = BUILT_PRODUCTS_DIR; };
		7555FF82242A565900829871 /* ChartView.swift */ = {isa = PBXFileReference; lastKnownFileType = sourcecode.swift; path = ChartView.swift; sourceTree = "<group>"; };
		7555FF84242A565B00829871 /* Assets.xcassets */ = {isa = PBXFileReference; lastKnownFileType = folder.assetcatalog; path = Assets.xcassets; sourceTree = "<group>"; };
		7555FF87242A565B00829871 /* Preview Assets.xcassets */ = {isa = PBXFileReference; lastKnownFileType = folder.assetcatalog; path = "Preview Assets.xcassets"; sourceTree = "<group>"; };
		7555FF8A242A565B00829871 /* Base */ = {isa = PBXFileReference; lastKnownFileType = file.storyboard; name = Base; path = Base.lproj/LaunchScreen.storyboard; sourceTree = "<group>"; };
		7555FF8C242A565B00829871 /* Info.plist */ = {isa = PBXFileReference; lastKnownFileType = text.plist.xml; path = Info.plist; sourceTree = "<group>"; };
		7555FF91242A565B00829871 /* iosAppTests.xctest */ = {isa = PBXFileReference; explicitFileType = wrapper.cfbundle; includeInIndex = 0; path = iosAppTests.xctest; sourceTree = BUILT_PRODUCTS_DIR; };
		7555FF95242A565B00829871 /* iosAppTests.swift */ = {isa = PBXFileReference; lastKnownFileType = sourcecode.swift; path = iosAppTests.swift; sourceTree = "<group>"; };
		7555FF97242A565B00829871 /* Info.plist */ = {isa = PBXFileReference; lastKnownFileType = text.plist.xml; path = Info.plist; sourceTree = "<group>"; };
		7555FF9C242A565B00829871 /* iosAppUITests.xctest */ = {isa = PBXFileReference; explicitFileType = wrapper.cfbundle; includeInIndex = 0; path = iosAppUITests.xctest; sourceTree = BUILT_PRODUCTS_DIR; };
		7555FFA0242A565B00829871 /* iosAppUITests.swift */ = {isa = PBXFileReference; lastKnownFileType = sourcecode.swift; path = iosAppUITests.swift; sourceTree = "<group>"; };
		7555FFA2242A565B00829871 /* Info.plist */ = {isa = PBXFileReference; lastKnownFileType = text.plist.xml; path = Info.plist; sourceTree = "<group>"; };
		9A02CAE82A5B195E00BF6E36 /* LeaderboardEndpoints.swift */ = {isa = PBXFileReference; lastKnownFileType = sourcecode.swift; path = LeaderboardEndpoints.swift; sourceTree = "<group>"; };
		9A037C222A68780D00A86C12 /* StringConstants.swift */ = {isa = PBXFileReference; lastKnownFileType = sourcecode.swift; path = StringConstants.swift; sourceTree = "<group>"; };
		9A037C242A6879C400A86C12 /* en.lproj */ = {isa = PBXFileReference; lastKnownFileType = folder; path = en.lproj; sourceTree = "<group>"; };
		9A0E8F4028BBBDE200AE3EB2 /* Command.swift */ = {isa = PBXFileReference; lastKnownFileType = sourcecode.swift; path = Command.swift; sourceTree = "<group>"; };
		9A0E8F4228BBBE1200AE3EB2 /* NextCommand.swift */ = {isa = PBXFileReference; lastKnownFileType = sourcecode.swift; path = NextCommand.swift; sourceTree = "<group>"; };
		9A0E8F4528BBE51A00AE3EB2 /* LongCommand.swift */ = {isa = PBXFileReference; lastKnownFileType = sourcecode.swift; path = LongCommand.swift; sourceTree = "<group>"; };
		9A0E8F4728BBE53300AE3EB2 /* ShortCommand.swift */ = {isa = PBXFileReference; lastKnownFileType = sourcecode.swift; path = ShortCommand.swift; sourceTree = "<group>"; };
		9A0E8F4928BBE56B00AE3EB2 /* ClosePositionCommand.swift */ = {isa = PBXFileReference; lastKnownFileType = sourcecode.swift; path = ClosePositionCommand.swift; sourceTree = "<group>"; };
		9A1B1CCC28A2C72900DF555D /* LeaderboardMapper.swift */ = {isa = PBXFileReference; lastKnownFileType = sourcecode.swift; path = LeaderboardMapper.swift; sourceTree = "<group>"; };
		9A1B1CCE28A2C81E00DF555D /* LeaderboardUiModels.swift */ = {isa = PBXFileReference; lastKnownFileType = sourcecode.swift; path = LeaderboardUiModels.swift; sourceTree = "<group>"; };
		9A2297D628B160C000AEE424 /* NSDecimalNumberExtensions.swift */ = {isa = PBXFileReference; lastKnownFileType = sourcecode.swift; path = NSDecimalNumberExtensions.swift; sourceTree = "<group>"; };
		9A4C4766279C8DF5006F002E /* Data.xcdatamodel */ = {isa = PBXFileReference; lastKnownFileType = wrapper.xcdatamodel; path = Data.xcdatamodel; sourceTree = "<group>"; };
		9A4C4768279D9A8B006F002E /* PositionsView.swift */ = {isa = PBXFileReference; lastKnownFileType = sourcecode.swift; path = PositionsView.swift; sourceTree = "<group>"; };
		9A4C476A279DA56C006F002E /* CoreDataInventory.swift */ = {isa = PBXFileReference; lastKnownFileType = sourcecode.swift; path = CoreDataInventory.swift; sourceTree = "<group>"; };
		9A5942DB2932C7A800220AD5 /* Period.swift */ = {isa = PBXFileReference; lastKnownFileType = sourcecode.swift; path = Period.swift; sourceTree = "<group>"; };
		9A5A68142886ECF3009323C2 /* LeaderboardView.swift */ = {isa = PBXFileReference; lastKnownFileType = sourcecode.swift; path = LeaderboardView.swift; sourceTree = "<group>"; };
		9A5A68162886F70D009323C2 /* LeadersObservableObject.swift */ = {isa = PBXFileReference; lastKnownFileType = sourcecode.swift; path = LeadersObservableObject.swift; sourceTree = "<group>"; };
		9A5F8C59288860C8003DCC31 /* Snackbar.swift */ = {isa = PBXFileReference; lastKnownFileType = sourcecode.swift; path = Snackbar.swift; sourceTree = "<group>"; };
		9A60CB7F272B2136004C2726 /* ChartObservableObject.swift */ = {isa = PBXFileReference; lastKnownFileType = sourcecode.swift; path = ChartObservableObject.swift; sourceTree = "<group>"; };
		9A6AC99628A15ED000FE98E1 /* URLSession.swift */ = {isa = PBXFileReference; lastKnownFileType = sourcecode.swift; path = URLSession.swift; sourceTree = "<group>"; };
		9A71CB592870F29800A34D98 /* MainTabView.swift */ = {isa = PBXFileReference; lastKnownFileType = sourcecode.swift; path = MainTabView.swift; sourceTree = "<group>"; };
		9A7274562B138C8500BCA8CA /* LineDecoration.swift */ = {isa = PBXFileReference; lastKnownFileType = sourcecode.swift; path = LineDecoration.swift; sourceTree = "<group>"; };
		9A81E0D9292FE097001DD835 /* InitChartCommand.swift */ = {isa = PBXFileReference; lastKnownFileType = sourcecode.swift; path = InitChartCommand.swift; sourceTree = "<group>"; };
		9A85D8AB2B3B55A4001887B1 /* iosApp-Bridging-Header.h */ = {isa = PBXFileReference; lastKnownFileType = sourcecode.c.h; path = "iosApp-Bridging-Header.h"; sourceTree = "<group>"; };
		9A85D8AC2B3B55A5001887B1 /* ObjC.m */ = {isa = PBXFileReference; lastKnownFileType = sourcecode.c.objc; path = ObjC.m; sourceTree = "<group>"; };
		9A85D8AE2B3B6670001887B1 /* ObjC.h */ = {isa = PBXFileReference; lastKnownFileType = sourcecode.c.h; path = ObjC.h; sourceTree = "<group>"; };
		9A87FE3028D89DB1002BE66C /* PriceFormatUtils.swift */ = {isa = PBXFileReference; lastKnownFileType = sourcecode.swift; path = PriceFormatUtils.swift; sourceTree = "<group>"; };
		9A87FE3328D89F85002BE66C /* ShortPositionsProcessor.swift */ = {isa = PBXFileReference; lastKnownFileType = sourcecode.swift; path = ShortPositionsProcessor.swift; sourceTree = "<group>"; };
		9A8A623C27A5D6C3002C4967 /* PositionsObservableObject.swift */ = {isa = PBXFileReference; lastKnownFileType = sourcecode.swift; path = PositionsObservableObject.swift; sourceTree = "<group>"; };
		9A8ED6D528A3B659008E8C2D /* LeaderboardModels.swift */ = {isa = PBXFileReference; lastKnownFileType = sourcecode.swift; path = LeaderboardModels.swift; sourceTree = "<group>"; };
		9A9045BB288B1E8B005814BC /* Keychain.swift */ = {isa = PBXFileReference; lastKnownFileType = sourcecode.swift; path = Keychain.swift; sourceTree = "<group>"; };
		9A90DC8B2AEDB78F0022C20C /* CollectionExtensions.swift */ = {isa = PBXFileReference; lastKnownFileType = sourcecode.swift; path = CollectionExtensions.swift; sourceTree = "<group>"; };
		9A92F00728A92CE30025FDBB /* PositionsCalculator.swift */ = {isa = PBXFileReference; lastKnownFileType = sourcecode.swift; path = PositionsCalculator.swift; sourceTree = "<group>"; };
		9A96216129E43EE50064C786 /* ProfileObservableObject.swift */ = {isa = PBXFileReference; lastKnownFileType = sourcecode.swift; path = ProfileObservableObject.swift; sourceTree = "<group>"; };
		9A9F5E9B2A7FE8910020B908 /* ChartPeriod.swift */ = {isa = PBXFileReference; lastKnownFileType = sourcecode.swift; path = ChartPeriod.swift; sourceTree = "<group>"; };
		9AA4D6F029BE8320003F149B /* ChartUiState.swift */ = {isa = PBXFileReference; lastKnownFileType = sourcecode.swift; path = ChartUiState.swift; sourceTree = "<group>"; };
		9AA5306A29E02BCC0052D245 /* PositionSizeBottomSheetView.swift */ = {isa = PBXFileReference; lastKnownFileType = sourcecode.swift; path = PositionSizeBottomSheetView.swift; sourceTree = "<group>"; };
		9AA5306D29E056920052D245 /* PositionSizeUserDefaults.swift */ = {isa = PBXFileReference; lastKnownFileType = sourcecode.swift; path = PositionSizeUserDefaults.swift; sourceTree = "<group>"; };
		9AA5307129E345D10052D245 /* ProfileView.swift */ = {isa = PBXFileReference; lastKnownFileType = sourcecode.swift; path = ProfileView.swift; sourceTree = "<group>"; };
		9AA9C8C828FAEF60003AD958 /* ChartApp.swift */ = {isa = PBXFileReference; lastKnownFileType = sourcecode.swift; path = ChartApp.swift; sourceTree = "<group>"; };
		9AAAAA4228F4A04200FA8D2A /* ViewExtensions.swift */ = {isa = PBXFileReference; lastKnownFileType = sourcecode.swift; path = ViewExtensions.swift; sourceTree = "<group>"; };
		9AAAAA4428F4A0AA00FA8D2A /* SessionResultView.swift */ = {isa = PBXFileReference; lastKnownFileType = sourcecode.swift; path = SessionResultView.swift; sourceTree = "<group>"; };
		9AAAAA4628F59B3A00FA8D2A /* AppRootView.swift */ = {isa = PBXFileReference; lastKnownFileType = sourcecode.swift; path = AppRootView.swift; sourceTree = "<group>"; };
		9AAC090629059D220004775D /* Constants.swift */ = {isa = PBXFileReference; lastKnownFileType = sourcecode.swift; path = Constants.swift; sourceTree = "<group>"; };
		9AAE436A2B49F146009EFF29 /* ResetCommand.swift */ = {isa = PBXFileReference; lastKnownFileType = sourcecode.swift; path = ResetCommand.swift; sourceTree = "<group>"; };
		9ABEFEB02858AD7700F8EF80 /* UiPosition.swift */ = {isa = PBXFileReference; lastKnownFileType = sourcecode.swift; path = UiPosition.swift; sourceTree = "<group>"; };
		9ABEFEB22858ADAA00F8EF80 /* UiActionButton.swift */ = {isa = PBXFileReference; lastKnownFileType = sourcecode.swift; path = UiActionButton.swift; sourceTree = "<group>"; };
		9ABEFEB42858B1AD00F8EF80 /* PositionsMapper.swift */ = {isa = PBXFileReference; lastKnownFileType = sourcecode.swift; path = PositionsMapper.swift; sourceTree = "<group>"; };
		9AFBCBDF2A80510E00924FB6 /* ShowPositionCommand.swift */ = {isa = PBXFileReference; lastKnownFileType = sourcecode.swift; path = ShowPositionCommand.swift; sourceTree = "<group>"; };
/* End PBXFileReference section */

/* Begin PBXFrameworksBuildPhase section */
		7555FF78242A565900829871 /* Frameworks */ = {
			isa = PBXFrameworksBuildPhase;
			buildActionMask = 2147483647;
			files = (
			);
			runOnlyForDeploymentPostprocessing = 0;
		};
		7555FF8E242A565B00829871 /* Frameworks */ = {
			isa = PBXFrameworksBuildPhase;
			buildActionMask = 2147483647;
			files = (
			);
			runOnlyForDeploymentPostprocessing = 0;
		};
		7555FF99242A565B00829871 /* Frameworks */ = {
			isa = PBXFrameworksBuildPhase;
			buildActionMask = 2147483647;
			files = (
			);
			runOnlyForDeploymentPostprocessing = 0;
		};
/* End PBXFrameworksBuildPhase section */

/* Begin PBXGroup section */
		7555FF72242A565900829871 = {
			isa = PBXGroup;
			children = (
				9A037C242A6879C400A86C12 /* en.lproj */,
				7555FF7D242A565900829871 /* iosApp */,
				7555FF94242A565B00829871 /* iosAppTests */,
				7555FF9F242A565B00829871 /* iosAppUITests */,
				7555FF7C242A565900829871 /* Products */,
				7555FFB0242A642200829871 /* Frameworks */,
			);
			sourceTree = "<group>";
		};
		7555FF7C242A565900829871 /* Products */ = {
			isa = PBXGroup;
			children = (
				7555FF7B242A565900829871 /* RandomChartGame.app */,
				7555FF91242A565B00829871 /* iosAppTests.xctest */,
				7555FF9C242A565B00829871 /* iosAppUITests.xctest */,
			);
			name = Products;
			sourceTree = "<group>";
		};
		7555FF7D242A565900829871 /* iosApp */ = {
			isa = PBXGroup;
			children = (
				9AA5307029E331300052D245 /* profile */,
				9A5942DD2932C88500220AD5 /* mainViews */,
				9A0E8F4428BBE4E000AE3EB2 /* commands */,
				9A92F00628A92AD10025FDBB /* common */,
				9A5A68132886EBD9009323C2 /* leaderboard */,
				9AD139D327B3E0B500D9AA8C /* chart */,
				9AD139D227B3D9E400D9AA8C /* positions */,
				7555FF84242A565B00829871 /* Assets.xcassets */,
				7555FF89242A565B00829871 /* LaunchScreen.storyboard */,
				7555FF8C242A565B00829871 /* Info.plist */,
				7555FF86242A565B00829871 /* Preview Content */,
				9A4C4765279C8DF5006F002E /* Data.xcdatamodeld */,
				9AA9C8C828FAEF60003AD958 /* ChartApp.swift */,
				9A037C222A68780D00A86C12 /* StringConstants.swift */,
			);
			path = iosApp;
			sourceTree = "<group>";
		};
		7555FF86242A565B00829871 /* Preview Content */ = {
			isa = PBXGroup;
			children = (
				7555FF87242A565B00829871 /* Preview Assets.xcassets */,
			);
			path = "Preview Content";
			sourceTree = "<group>";
		};
		7555FF94242A565B00829871 /* iosAppTests */ = {
			isa = PBXGroup;
			children = (
				7555FF95242A565B00829871 /* iosAppTests.swift */,
				7555FF97242A565B00829871 /* Info.plist */,
			);
			path = iosAppTests;
			sourceTree = "<group>";
		};
		7555FF9F242A565B00829871 /* iosAppUITests */ = {
			isa = PBXGroup;
			children = (
				7555FFA0242A565B00829871 /* iosAppUITests.swift */,
				7555FFA2242A565B00829871 /* Info.plist */,
			);
			path = iosAppUITests;
			sourceTree = "<group>";
		};
		7555FFB0242A642200829871 /* Frameworks */ = {
			isa = PBXGroup;
			children = (
			);
			name = Frameworks;
			sourceTree = "<group>";
		};
		9A02CAE72A5B194600BF6E36 /* endpoint */ = {
			isa = PBXGroup;
			children = (
				9A02CAE82A5B195E00BF6E36 /* LeaderboardEndpoints.swift */,
			);
			path = endpoint;
			sourceTree = "<group>";
		};
		9A0E8F4428BBE4E000AE3EB2 /* commands */ = {
			isa = PBXGroup;
			children = (
				9A0E8F4228BBBE1200AE3EB2 /* NextCommand.swift */,
				9A0E8F4528BBE51A00AE3EB2 /* LongCommand.swift */,
				9A0E8F4728BBE53300AE3EB2 /* ShortCommand.swift */,
				9A0E8F4928BBE56B00AE3EB2 /* ClosePositionCommand.swift */,
				9A81E0D9292FE097001DD835 /* InitChartCommand.swift */,
				9AFBCBDF2A80510E00924FB6 /* ShowPositionCommand.swift */,
				9AAE436A2B49F146009EFF29 /* ResetCommand.swift */,
			);
			path = commands;
			sourceTree = "<group>";
		};
		9A5942DA2932C78000220AD5 /* models */ = {
			isa = PBXGroup;
			children = (
				9A5942DB2932C7A800220AD5 /* Period.swift */,
				9A9F5E9B2A7FE8910020B908 /* ChartPeriod.swift */,
			);
			path = models;
			sourceTree = "<group>";
		};
		9A5942DD2932C88500220AD5 /* mainViews */ = {
			isa = PBXGroup;
			children = (
				9AAAAA4428F4A0AA00FA8D2A /* SessionResultView.swift */,
				9AAAAA4628F59B3A00FA8D2A /* AppRootView.swift */,
				9A71CB592870F29800A34D98 /* MainTabView.swift */,
			);
			path = mainViews;
			sourceTree = "<group>";
		};
		9A5A68132886EBD9009323C2 /* leaderboard */ = {
			isa = PBXGroup;
			children = (
				9A02CAE72A5B194600BF6E36 /* endpoint */,
				9A8ED6D728A3B686008E8C2D /* models */,
				9A5A68142886ECF3009323C2 /* LeaderboardView.swift */,
				9A5A68162886F70D009323C2 /* LeadersObservableObject.swift */,
				9A1B1CCC28A2C72900DF555D /* LeaderboardMapper.swift */,
			);
			path = leaderboard;
			sourceTree = "<group>";
		};
		9A85D8AA2B3B5557001887B1 /* objc */ = {
			isa = PBXGroup;
			children = (
				9A85D8AC2B3B55A5001887B1 /* ObjC.m */,
				9A85D8AB2B3B55A4001887B1 /* iosApp-Bridging-Header.h */,
				9A85D8AE2B3B6670001887B1 /* ObjC.h */,
			);
			path = objc;
			sourceTree = "<group>";
		};
		9A87FE3228D89EB1002BE66C /* calc */ = {
			isa = PBXGroup;
			children = (
				9A92F00728A92CE30025FDBB /* PositionsCalculator.swift */,
				9A87FE3328D89F85002BE66C /* ShortPositionsProcessor.swift */,
			);
			path = calc;
			sourceTree = "<group>";
		};
		9A8ED6D728A3B686008E8C2D /* models */ = {
			isa = PBXGroup;
			children = (
				9A8ED6D528A3B659008E8C2D /* LeaderboardModels.swift */,
				9A1B1CCE28A2C81E00DF555D /* LeaderboardUiModels.swift */,
			);
			path = models;
			sourceTree = "<group>";
		};
		9A92F00628A92AD10025FDBB /* common */ = {
			isa = PBXGroup;
			children = (
				9A85D8AA2B3B5557001887B1 /* objc */,
				9AA5306F29E2E32B0052D245 /* ui */,
				9A87FE3228D89EB1002BE66C /* calc */,
				9A4C476A279DA56C006F002E /* CoreDataInventory.swift */,
				9A87FE3028D89DB1002BE66C /* PriceFormatUtils.swift */,
				9A9045BB288B1E8B005814BC /* Keychain.swift */,
				9A6AC99628A15ED000FE98E1 /* URLSession.swift */,
				9A2297D628B160C000AEE424 /* NSDecimalNumberExtensions.swift */,
				9A0E8F4028BBBDE200AE3EB2 /* Command.swift */,
				9AAC090629059D220004775D /* Constants.swift */,
				9A90DC8B2AEDB78F0022C20C /* CollectionExtensions.swift */,
			);
			path = common;
			sourceTree = "<group>";
		};
		9AA5306C29E0565C0052D245 /* persistence */ = {
			isa = PBXGroup;
			children = (
				9AA5306D29E056920052D245 /* PositionSizeUserDefaults.swift */,
			);
			path = persistence;
			sourceTree = "<group>";
		};
		9AA5306F29E2E32B0052D245 /* ui */ = {
			isa = PBXGroup;
			children = (
				9AAAAA4228F4A04200FA8D2A /* ViewExtensions.swift */,
				9A5F8C59288860C8003DCC31 /* Snackbar.swift */,
			);
			path = ui;
			sourceTree = "<group>";
		};
		9AA5307029E331300052D245 /* profile */ = {
			isa = PBXGroup;
			children = (
				9AA5307129E345D10052D245 /* ProfileView.swift */,
				9A96216129E43EE50064C786 /* ProfileObservableObject.swift */,
			);
			path = profile;
			sourceTree = "<group>";
		};
		9ABEFEAF2858AD2E00F8EF80 /* uiModels */ = {
			isa = PBXGroup;
			children = (
				9ABEFEB02858AD7700F8EF80 /* UiPosition.swift */,
				9ABEFEB22858ADAA00F8EF80 /* UiActionButton.swift */,
			);
			path = uiModels;
			sourceTree = "<group>";
		};
		9AD139D227B3D9E400D9AA8C /* positions */ = {
			isa = PBXGroup;
			children = (
				9AA5306C29E0565C0052D245 /* persistence */,
				9ABEFEAF2858AD2E00F8EF80 /* uiModels */,
				9A8A623C27A5D6C3002C4967 /* PositionsObservableObject.swift */,
				9A4C4768279D9A8B006F002E /* PositionsView.swift */,
				9ABEFEB42858B1AD00F8EF80 /* PositionsMapper.swift */,
				9AA5306A29E02BCC0052D245 /* PositionSizeBottomSheetView.swift */,
			);
			path = positions;
			sourceTree = "<group>";
		};
		9AD139D327B3E0B500D9AA8C /* chart */ = {
			isa = PBXGroup;
			children = (
				9A5942DA2932C78000220AD5 /* models */,
				9A60CB7F272B2136004C2726 /* ChartObservableObject.swift */,
				7555FF82242A565900829871 /* ChartView.swift */,
				9AA4D6F029BE8320003F149B /* ChartUiState.swift */,
				9A7274562B138C8500BCA8CA /* LineDecoration.swift */,
			);
			path = chart;
			sourceTree = "<group>";
		};
/* End PBXGroup section */

/* Begin PBXNativeTarget section */
		7555FF7A242A565900829871 /* iosApp */ = {
			isa = PBXNativeTarget;
			buildConfigurationList = 7555FFA5242A565B00829871 /* Build configuration list for PBXNativeTarget "iosApp" */;
			buildPhases = (
				7555FFB5242A651A00829871 /* Run Script */,
				7555FF77242A565900829871 /* Sources */,
				7555FF78242A565900829871 /* Frameworks */,
				7555FF79242A565900829871 /* Resources */,
			);
			buildRules = (
			);
			dependencies = (
			);
			name = iosApp;
			productName = iosApp;
			productReference = 7555FF7B242A565900829871 /* RandomChartGame.app */;
			productType = "com.apple.product-type.application";
		};
		7555FF90242A565B00829871 /* iosAppTests */ = {
			isa = PBXNativeTarget;
			buildConfigurationList = 7555FFA8242A565B00829871 /* Build configuration list for PBXNativeTarget "iosAppTests" */;
			buildPhases = (
				7555FF8D242A565B00829871 /* Sources */,
				7555FF8E242A565B00829871 /* Frameworks */,
				7555FF8F242A565B00829871 /* Resources */,
			);
			buildRules = (
			);
			dependencies = (
				7555FF93242A565B00829871 /* PBXTargetDependency */,
			);
			name = iosAppTests;
			productName = iosAppTests;
			productReference = 7555FF91242A565B00829871 /* iosAppTests.xctest */;
			productType = "com.apple.product-type.bundle.unit-test";
		};
		7555FF9B242A565B00829871 /* iosAppUITests */ = {
			isa = PBXNativeTarget;
			buildConfigurationList = 7555FFAB242A565B00829871 /* Build configuration list for PBXNativeTarget "iosAppUITests" */;
			buildPhases = (
				7555FF98242A565B00829871 /* Sources */,
				7555FF99242A565B00829871 /* Frameworks */,
				7555FF9A242A565B00829871 /* Resources */,
			);
			buildRules = (
			);
			dependencies = (
				7555FF9E242A565B00829871 /* PBXTargetDependency */,
			);
			name = iosAppUITests;
			productName = iosAppUITests;
			productReference = 7555FF9C242A565B00829871 /* iosAppUITests.xctest */;
			productType = "com.apple.product-type.bundle.ui-testing";
		};
/* End PBXNativeTarget section */

/* Begin PBXProject section */
		7555FF73242A565900829871 /* Project object */ = {
			isa = PBXProject;
			attributes = {
				LastSwiftUpdateCheck = 1130;
				LastUpgradeCheck = 1130;
				ORGANIZATIONNAME = orgName;
				TargetAttributes = {
					7555FF7A242A565900829871 = {
						CreatedOnToolsVersion = 11.3.1;
						LastSwiftMigration = 1420;
					};
					7555FF90242A565B00829871 = {
						CreatedOnToolsVersion = 11.3.1;
						TestTargetID = 7555FF7A242A565900829871;
					};
					7555FF9B242A565B00829871 = {
						CreatedOnToolsVersion = 11.3.1;
						TestTargetID = 7555FF7A242A565900829871;
					};
				};
			};
			buildConfigurationList = 7555FF76242A565900829871 /* Build configuration list for PBXProject "iosApp" */;
			compatibilityVersion = "Xcode 9.3";
			developmentRegion = en;
			hasScannedForEncodings = 0;
			knownRegions = (
				en,
				Base,
			);
			mainGroup = 7555FF72242A565900829871;
			productRefGroup = 7555FF7C242A565900829871 /* Products */;
			projectDirPath = "";
			projectRoot = "";
			targets = (
				7555FF7A242A565900829871 /* iosApp */,
				7555FF90242A565B00829871 /* iosAppTests */,
				7555FF9B242A565B00829871 /* iosAppUITests */,
			);
		};
/* End PBXProject section */

/* Begin PBXResourcesBuildPhase section */
		7555FF79242A565900829871 /* Resources */ = {
			isa = PBXResourcesBuildPhase;
			buildActionMask = 2147483647;
			files = (
				9A037C252A6879C400A86C12 /* en.lproj in Resources */,
				7555FF8B242A565B00829871 /* LaunchScreen.storyboard in Resources */,
				7555FF88242A565B00829871 /* Preview Assets.xcassets in Resources */,
				7555FF85242A565B00829871 /* Assets.xcassets in Resources */,
			);
			runOnlyForDeploymentPostprocessing = 0;
		};
		7555FF8F242A565B00829871 /* Resources */ = {
			isa = PBXResourcesBuildPhase;
			buildActionMask = 2147483647;
			files = (
			);
			runOnlyForDeploymentPostprocessing = 0;
		};
		7555FF9A242A565B00829871 /* Resources */ = {
			isa = PBXResourcesBuildPhase;
			buildActionMask = 2147483647;
			files = (
			);
			runOnlyForDeploymentPostprocessing = 0;
		};
/* End PBXResourcesBuildPhase section */

/* Begin PBXShellScriptBuildPhase section */
		7555FFB5242A651A00829871 /* Run Script */ = {
			isa = PBXShellScriptBuildPhase;
			buildActionMask = 2147483647;
			files = (
			);
			inputFileListPaths = (
			);
			inputPaths = (
			);
			name = "Run Script";
			outputFileListPaths = (
			);
			outputPaths = (
			);
			runOnlyForDeploymentPostprocessing = 0;
			shellPath = /bin/sh;
			shellScript = "cd \"$SRCROOT/..\"\n./gradlew :shared:embedAndSignAppleFrameworkForXcode\n";
		};
/* End PBXShellScriptBuildPhase section */

/* Begin PBXSourcesBuildPhase section */
		7555FF77242A565900829871 /* Sources */ = {
			isa = PBXSourcesBuildPhase;
			buildActionMask = 2147483647;
			files = (
				9A9045BC288B1E8B005814BC /* Keychain.swift in Sources */,
				9A85D8AD2B3B55A5001887B1 /* ObjC.m in Sources */,
				9AAC090729059D220004775D /* Constants.swift in Sources */,
				9A0E8F4628BBE51A00AE3EB2 /* LongCommand.swift in Sources */,
				9A87FE3128D89DB1002BE66C /* PriceFormatUtils.swift in Sources */,
				9A0E8F4328BBBE1200AE3EB2 /* NextCommand.swift in Sources */,
				9A0E8F4828BBE53300AE3EB2 /* ShortCommand.swift in Sources */,
				9A037C232A68780D00A86C12 /* StringConstants.swift in Sources */,
				9A60CB80272B2136004C2726 /* ChartObservableObject.swift in Sources */,
				9AA9C8C928FAEF60003AD958 /* ChartApp.swift in Sources */,
				9A4C4769279D9A8B006F002E /* PositionsView.swift in Sources */,
				9A96216229E43EE50064C786 /* ProfileObservableObject.swift in Sources */,
				9ABEFEB12858AD7700F8EF80 /* UiPosition.swift in Sources */,
				9A7274572B138C8500BCA8CA /* LineDecoration.swift in Sources */,
				9A8A623D27A5D6C3002C4967 /* PositionsObservableObject.swift in Sources */,
				9A5A68172886F70D009323C2 /* LeadersObservableObject.swift in Sources */,
				9AAAAA4728F59B3A00FA8D2A /* AppRootView.swift in Sources */,
				9ABEFEB32858ADAA00F8EF80 /* UiActionButton.swift in Sources */,
				9A2297D728B160C000AEE424 /* NSDecimalNumberExtensions.swift in Sources */,
				9A87FE3428D89F85002BE66C /* ShortPositionsProcessor.swift in Sources */,
				9AA5307229E345D10052D245 /* ProfileView.swift in Sources */,
				9AAE436B2B49F146009EFF29 /* ResetCommand.swift in Sources */,
				9A9F5E9C2A7FE8910020B908 /* ChartPeriod.swift in Sources */,
				9AA4D6F129BE8320003F149B /* ChartUiState.swift in Sources */,
				9A1B1CCD28A2C72900DF555D /* LeaderboardMapper.swift in Sources */,
				9AA5306E29E056920052D245 /* PositionSizeUserDefaults.swift in Sources */,
				9A71CB5A2870F29800A34D98 /* MainTabView.swift in Sources */,
				9AA5306B29E02BCC0052D245 /* PositionSizeBottomSheetView.swift in Sources */,
				9A81E0DA292FE097001DD835 /* InitChartCommand.swift in Sources */,
				9ABEFEB52858B1AD00F8EF80 /* PositionsMapper.swift in Sources */,
				9A5A68152886ECF3009323C2 /* LeaderboardView.swift in Sources */,
				9A8ED6D628A3B659008E8C2D /* LeaderboardModels.swift in Sources */,
				9AFBCBE02A80510E00924FB6 /* ShowPositionCommand.swift in Sources */,
				9A4C4767279C8DF5006F002E /* Data.xcdatamodeld in Sources */,
				9A92F00828A92CE30025FDBB /* PositionsCalculator.swift in Sources */,
				9A5942DC2932C7A800220AD5 /* Period.swift in Sources */,
				9A6AC99728A15ED100FE98E1 /* URLSession.swift in Sources */,
				9AAAAA4528F4A0AA00FA8D2A /* SessionResultView.swift in Sources */,
				7555FF83242A565900829871 /* ChartView.swift in Sources */,
				9A5F8C5A288860C8003DCC31 /* Snackbar.swift in Sources */,
				9A4C476B279DA56C006F002E /* CoreDataInventory.swift in Sources */,
				9A0E8F4A28BBE56B00AE3EB2 /* ClosePositionCommand.swift in Sources */,
				9A1B1CCF28A2C81E00DF555D /* LeaderboardUiModels.swift in Sources */,
				9AAAAA4328F4A04200FA8D2A /* ViewExtensions.swift in Sources */,
				9A90DC8C2AEDB78F0022C20C /* CollectionExtensions.swift in Sources */,
				9A02CAE92A5B195E00BF6E36 /* LeaderboardEndpoints.swift in Sources */,
				9A0E8F4128BBBDE200AE3EB2 /* Command.swift in Sources */,
			);
			runOnlyForDeploymentPostprocessing = 0;
		};
		7555FF8D242A565B00829871 /* Sources */ = {
			isa = PBXSourcesBuildPhase;
			buildActionMask = 2147483647;
			files = (
				7555FF96242A565B00829871 /* iosAppTests.swift in Sources */,
			);
			runOnlyForDeploymentPostprocessing = 0;
		};
		7555FF98242A565B00829871 /* Sources */ = {
			isa = PBXSourcesBuildPhase;
			buildActionMask = 2147483647;
			files = (
				7555FFA1242A565B00829871 /* iosAppUITests.swift in Sources */,
			);
			runOnlyForDeploymentPostprocessing = 0;
		};
/* End PBXSourcesBuildPhase section */

/* Begin PBXTargetDependency section */
		7555FF93242A565B00829871 /* PBXTargetDependency */ = {
			isa = PBXTargetDependency;
			target = 7555FF7A242A565900829871 /* iosApp */;
			targetProxy = 7555FF92242A565B00829871 /* PBXContainerItemProxy */;
		};
		7555FF9E242A565B00829871 /* PBXTargetDependency */ = {
			isa = PBXTargetDependency;
			target = 7555FF7A242A565900829871 /* iosApp */;
			targetProxy = 7555FF9D242A565B00829871 /* PBXContainerItemProxy */;
		};
/* End PBXTargetDependency section */

/* Begin PBXVariantGroup section */
		7555FF89242A565B00829871 /* LaunchScreen.storyboard */ = {
			isa = PBXVariantGroup;
			children = (
				7555FF8A242A565B00829871 /* Base */,
			);
			name = LaunchScreen.storyboard;
			sourceTree = "<group>";
		};
/* End PBXVariantGroup section */

/* Begin XCBuildConfiguration section */
		7555FFA3242A565B00829871 /* Debug */ = {
			isa = XCBuildConfiguration;
			buildSettings = {
				ALWAYS_SEARCH_USER_PATHS = NO;
				CLANG_ANALYZER_NONNULL = YES;
				CLANG_ANALYZER_NUMBER_OBJECT_CONVERSION = YES_AGGRESSIVE;
				CLANG_CXX_LANGUAGE_STANDARD = "gnu++14";
				CLANG_CXX_LIBRARY = "libc++";
				CLANG_ENABLE_MODULES = YES;
				CLANG_ENABLE_OBJC_ARC = YES;
				CLANG_ENABLE_OBJC_WEAK = YES;
				CLANG_WARN_BLOCK_CAPTURE_AUTORELEASING = YES;
				CLANG_WARN_BOOL_CONVERSION = YES;
				CLANG_WARN_COMMA = YES;
				CLANG_WARN_CONSTANT_CONVERSION = YES;
				CLANG_WARN_DEPRECATED_OBJC_IMPLEMENTATIONS = YES;
				CLANG_WARN_DIRECT_OBJC_ISA_USAGE = YES_ERROR;
				CLANG_WARN_DOCUMENTATION_COMMENTS = YES;
				CLANG_WARN_EMPTY_BODY = YES;
				CLANG_WARN_ENUM_CONVERSION = YES;
				CLANG_WARN_INFINITE_RECURSION = YES;
				CLANG_WARN_INT_CONVERSION = YES;
				CLANG_WARN_NON_LITERAL_NULL_CONVERSION = YES;
				CLANG_WARN_OBJC_IMPLICIT_RETAIN_SELF = YES;
				CLANG_WARN_OBJC_LITERAL_CONVERSION = YES;
				CLANG_WARN_OBJC_ROOT_CLASS = YES_ERROR;
				CLANG_WARN_RANGE_LOOP_ANALYSIS = YES;
				CLANG_WARN_STRICT_PROTOTYPES = YES;
				CLANG_WARN_SUSPICIOUS_MOVE = YES;
				CLANG_WARN_UNGUARDED_AVAILABILITY = YES_AGGRESSIVE;
				CLANG_WARN_UNREACHABLE_CODE = YES;
				CLANG_WARN__DUPLICATE_METHOD_MATCH = YES;
				COPY_PHASE_STRIP = NO;
				DEBUG_INFORMATION_FORMAT = "dwarf-with-dsym";
				ENABLE_STRICT_OBJC_MSGSEND = YES;
				ENABLE_TESTABILITY = YES;
				GCC_C_LANGUAGE_STANDARD = gnu11;
				GCC_DYNAMIC_NO_PIC = NO;
				GCC_NO_COMMON_BLOCKS = YES;
				GCC_OPTIMIZATION_LEVEL = 0;
				GCC_PREPROCESSOR_DEFINITIONS = (
					"DEBUG=1",
					"$(inherited)",
				);
				GCC_WARN_64_TO_32_BIT_CONVERSION = YES;
				GCC_WARN_ABOUT_RETURN_TYPE = YES_ERROR;
				GCC_WARN_UNDECLARED_SELECTOR = YES;
				GCC_WARN_UNINITIALIZED_AUTOS = YES_AGGRESSIVE;
				GCC_WARN_UNUSED_FUNCTION = YES;
				GCC_WARN_UNUSED_VARIABLE = YES;
				IPHONEOS_DEPLOYMENT_TARGET = 14.0;
				MTL_ENABLE_DEBUG_INFO = INCLUDE_SOURCE;
				MTL_FAST_MATH = YES;
				ONLY_ACTIVE_ARCH = YES;
				SDKROOT = iphoneos;
				SWIFT_ACTIVE_COMPILATION_CONDITIONS = DEBUG;
				SWIFT_OPTIMIZATION_LEVEL = "-Onone";
			};
			name = Debug;
		};
		7555FFA4242A565B00829871 /* Release */ = {
			isa = XCBuildConfiguration;
			buildSettings = {
				ALWAYS_SEARCH_USER_PATHS = NO;
				CLANG_ANALYZER_NONNULL = YES;
				CLANG_ANALYZER_NUMBER_OBJECT_CONVERSION = YES_AGGRESSIVE;
				CLANG_CXX_LANGUAGE_STANDARD = "gnu++14";
				CLANG_CXX_LIBRARY = "libc++";
				CLANG_ENABLE_MODULES = YES;
				CLANG_ENABLE_OBJC_ARC = YES;
				CLANG_ENABLE_OBJC_WEAK = YES;
				CLANG_WARN_BLOCK_CAPTURE_AUTORELEASING = YES;
				CLANG_WARN_BOOL_CONVERSION = YES;
				CLANG_WARN_COMMA = YES;
				CLANG_WARN_CONSTANT_CONVERSION = YES;
				CLANG_WARN_DEPRECATED_OBJC_IMPLEMENTATIONS = YES;
				CLANG_WARN_DIRECT_OBJC_ISA_USAGE = YES_ERROR;
				CLANG_WARN_DOCUMENTATION_COMMENTS = YES;
				CLANG_WARN_EMPTY_BODY = YES;
				CLANG_WARN_ENUM_CONVERSION = YES;
				CLANG_WARN_INFINITE_RECURSION = YES;
				CLANG_WARN_INT_CONVERSION = YES;
				CLANG_WARN_NON_LITERAL_NULL_CONVERSION = YES;
				CLANG_WARN_OBJC_IMPLICIT_RETAIN_SELF = YES;
				CLANG_WARN_OBJC_LITERAL_CONVERSION = YES;
				CLANG_WARN_OBJC_ROOT_CLASS = YES_ERROR;
				CLANG_WARN_RANGE_LOOP_ANALYSIS = YES;
				CLANG_WARN_STRICT_PROTOTYPES = YES;
				CLANG_WARN_SUSPICIOUS_MOVE = YES;
				CLANG_WARN_UNGUARDED_AVAILABILITY = YES_AGGRESSIVE;
				CLANG_WARN_UNREACHABLE_CODE = YES;
				CLANG_WARN__DUPLICATE_METHOD_MATCH = YES;
				COPY_PHASE_STRIP = NO;
				DEBUG_INFORMATION_FORMAT = "dwarf-with-dsym";
				ENABLE_NS_ASSERTIONS = NO;
				ENABLE_STRICT_OBJC_MSGSEND = YES;
				GCC_C_LANGUAGE_STANDARD = gnu11;
				GCC_NO_COMMON_BLOCKS = YES;
				GCC_WARN_64_TO_32_BIT_CONVERSION = YES;
				GCC_WARN_ABOUT_RETURN_TYPE = YES_ERROR;
				GCC_WARN_UNDECLARED_SELECTOR = YES;
				GCC_WARN_UNINITIALIZED_AUTOS = YES_AGGRESSIVE;
				GCC_WARN_UNUSED_FUNCTION = YES;
				GCC_WARN_UNUSED_VARIABLE = YES;
				IPHONEOS_DEPLOYMENT_TARGET = 14.0;
				MTL_ENABLE_DEBUG_INFO = NO;
				MTL_FAST_MATH = YES;
				SDKROOT = iphoneos;
				SWIFT_COMPILATION_MODE = wholemodule;
				SWIFT_OPTIMIZATION_LEVEL = "-O";
				VALIDATE_PRODUCT = YES;
			};
			name = Release;
		};
		7555FFA6242A565B00829871 /* Debug */ = {
			isa = XCBuildConfiguration;
			buildSettings = {
				ASSETCATALOG_COMPILER_APPICON_NAME = AppIcon;
				CLANG_ENABLE_MODULES = YES;
				CODE_SIGN_IDENTITY = "Apple Development";
				CODE_SIGN_STYLE = Automatic;
				DEVELOPMENT_ASSET_PATHS = "\"iosApp/Preview Content\"";
				DEVELOPMENT_TEAM = W876U97YL9;
				ENABLE_PREVIEWS = YES;
				FRAMEWORK_SEARCH_PATHS = "$(SRCROOT)/../shared/build/xcode-frameworks/$(CONFIGURATION)/$(SDK_NAME)";
				INFOPLIST_FILE = iosApp/Info.plist;
				INFOPLIST_KEY_CFBundleDisplayName = RandomChartGame;
				INFOPLIST_KEY_LSApplicationCategoryType = "public.app-category.games";
				IPHONEOS_DEPLOYMENT_TARGET = 15.0;
				LD_RUNPATH_SEARCH_PATHS = (
					"$(inherited)",
					"@executable_path/Frameworks",
				);
				OTHER_LDFLAGS = (
					"$(inherited)",
					"-framework",
					shared,
					"$(inherited)",
					"-framework",
					shared,
				);
				PRODUCT_BUNDLE_IDENTIFIER = com.RandomChartGame.ios;
				PRODUCT_NAME = RandomChartGame;
				PROVISIONING_PROFILE_SPECIFIER = "";
				SWIFT_OBJC_BRIDGING_HEADER = "iosApp/common/objc/iosApp-Bridging-Header.h";
				SWIFT_OPTIMIZATION_LEVEL = "-Onone";
				SWIFT_VERSION = 5.0;
				TARGETED_DEVICE_FAMILY = "1,2";
			};
			name = Debug;
		};
		7555FFA7242A565B00829871 /* Release */ = {
			isa = XCBuildConfiguration;
			buildSettings = {
				ASSETCATALOG_COMPILER_APPICON_NAME = AppIcon;
				CLANG_ENABLE_MODULES = YES;
				CODE_SIGN_IDENTITY = "Apple Development";
				CODE_SIGN_STYLE = Automatic;
				DEVELOPMENT_ASSET_PATHS = "\"iosApp/Preview Content\"";
				DEVELOPMENT_TEAM = W876U97YL9;
				ENABLE_PREVIEWS = YES;
				FRAMEWORK_SEARCH_PATHS = "$(SRCROOT)/../shared/build/xcode-frameworks/$(CONFIGURATION)/$(SDK_NAME)";
				INFOPLIST_FILE = iosApp/Info.plist;
				INFOPLIST_KEY_CFBundleDisplayName = RandomChartGame;
				INFOPLIST_KEY_LSApplicationCategoryType = "public.app-category.games";
				IPHONEOS_DEPLOYMENT_TARGET = 15.0;
				LD_RUNPATH_SEARCH_PATHS = (
					"$(inherited)",
					"@executable_path/Frameworks",
				);
				OTHER_LDFLAGS = (
					"$(inherited)",
					"-framework",
					shared,
					"$(inherited)",
					"-framework",
					shared,
				);
				PRODUCT_BUNDLE_IDENTIFIER = com.RandomChartGame.ios;
				PRODUCT_NAME = RandomChartGame;
				PROVISIONING_PROFILE_SPECIFIER = "";
				SWIFT_OBJC_BRIDGING_HEADER = "iosApp/common/objc/iosApp-Bridging-Header.h";
				SWIFT_VERSION = 5.0;
				TARGETED_DEVICE_FAMILY = "1,2";
			};
			name = Release;
		};
		7555FFA9242A565B00829871 /* Debug */ = {
			isa = XCBuildConfiguration;
			buildSettings = {
				ALWAYS_EMBED_SWIFT_STANDARD_LIBRARIES = YES;
				BUNDLE_LOADER = "$(TEST_HOST)";
				CODE_SIGN_STYLE = Automatic;
				DEVELOPMENT_TEAM = 2N8LL9N8QK;
				INFOPLIST_FILE = iosAppTests/Info.plist;
				IPHONEOS_DEPLOYMENT_TARGET = 15.0;
				LD_RUNPATH_SEARCH_PATHS = (
					"$(inherited)",
					"@executable_path/Frameworks",
					"@loader_path/Frameworks",
				);
				PRODUCT_BUNDLE_IDENTIFIER = orgIdentifier.iosAppTests;
				PRODUCT_NAME = "$(TARGET_NAME)";
				SWIFT_VERSION = 5.0;
				TARGETED_DEVICE_FAMILY = "1,2";
				TEST_HOST = "$(BUILT_PRODUCTS_DIR)/iosApp.app/iosApp";
			};
			name = Debug;
		};
		7555FFAA242A565B00829871 /* Release */ = {
			isa = XCBuildConfiguration;
			buildSettings = {
				ALWAYS_EMBED_SWIFT_STANDARD_LIBRARIES = YES;
				BUNDLE_LOADER = "$(TEST_HOST)";
				CODE_SIGN_STYLE = Automatic;
				DEVELOPMENT_TEAM = 2N8LL9N8QK;
				INFOPLIST_FILE = iosAppTests/Info.plist;
				IPHONEOS_DEPLOYMENT_TARGET = 15.0;
				LD_RUNPATH_SEARCH_PATHS = (
					"$(inherited)",
					"@executable_path/Frameworks",
					"@loader_path/Frameworks",
				);
				PRODUCT_BUNDLE_IDENTIFIER = orgIdentifier.iosAppTests;
				PRODUCT_NAME = "$(TARGET_NAME)";
				SWIFT_VERSION = 5.0;
				TARGETED_DEVICE_FAMILY = "1,2";
				TEST_HOST = "$(BUILT_PRODUCTS_DIR)/iosApp.app/iosApp";
			};
			name = Release;
		};
		7555FFAC242A565B00829871 /* Debug */ = {
			isa = XCBuildConfiguration;
			buildSettings = {
				ALWAYS_EMBED_SWIFT_STANDARD_LIBRARIES = YES;
				CODE_SIGN_STYLE = Automatic;
				DEVELOPMENT_TEAM = 2N8LL9N8QK;
				INFOPLIST_FILE = iosAppUITests/Info.plist;
				LD_RUNPATH_SEARCH_PATHS = (
					"$(inherited)",
					"@executable_path/Frameworks",
					"@loader_path/Frameworks",
				);
				PRODUCT_BUNDLE_IDENTIFIER = orgIdentifier.iosAppUITests;
				PRODUCT_NAME = "$(TARGET_NAME)";
				SWIFT_VERSION = 5.0;
				TARGETED_DEVICE_FAMILY = "1,2";
				TEST_TARGET_NAME = iosApp;
			};
			name = Debug;
		};
		7555FFAD242A565B00829871 /* Release */ = {
			isa = XCBuildConfiguration;
			buildSettings = {
				ALWAYS_EMBED_SWIFT_STANDARD_LIBRARIES = YES;
				CODE_SIGN_STYLE = Automatic;
				DEVELOPMENT_TEAM = 2N8LL9N8QK;
				INFOPLIST_FILE = iosAppUITests/Info.plist;
				LD_RUNPATH_SEARCH_PATHS = (
					"$(inherited)",
					"@executable_path/Frameworks",
					"@loader_path/Frameworks",
				);
				PRODUCT_BUNDLE_IDENTIFIER = orgIdentifier.iosAppUITests;
				PRODUCT_NAME = "$(TARGET_NAME)";
				SWIFT_VERSION = 5.0;
				TARGETED_DEVICE_FAMILY = "1,2";
				TEST_TARGET_NAME = iosApp;
			};
			name = Release;
		};
/* End XCBuildConfiguration section */

/* Begin XCConfigurationList section */
		7555FF76242A565900829871 /* Build configuration list for PBXProject "iosApp" */ = {
			isa = XCConfigurationList;
			buildConfigurations = (
				7555FFA3242A565B00829871 /* Debug */,
				7555FFA4242A565B00829871 /* Release */,
			);
			defaultConfigurationIsVisible = 0;
			defaultConfigurationName = Release;
		};
		7555FFA5242A565B00829871 /* Build configuration list for PBXNativeTarget "iosApp" */ = {
			isa = XCConfigurationList;
			buildConfigurations = (
				7555FFA6242A565B00829871 /* Debug */,
				7555FFA7242A565B00829871 /* Release */,
			);
			defaultConfigurationIsVisible = 0;
			defaultConfigurationName = Release;
		};
		7555FFA8242A565B00829871 /* Build configuration list for PBXNativeTarget "iosAppTests" */ = {
			isa = XCConfigurationList;
			buildConfigurations = (
				7555FFA9242A565B00829871 /* Debug */,
				7555FFAA242A565B00829871 /* Release */,
			);
			defaultConfigurationIsVisible = 0;
			defaultConfigurationName = Release;
		};
		7555FFAB242A565B00829871 /* Build configuration list for PBXNativeTarget "iosAppUITests" */ = {
			isa = XCConfigurationList;
			buildConfigurations = (
				7555FFAC242A565B00829871 /* Debug */,
				7555FFAD242A565B00829871 /* Release */,
			);
			defaultConfigurationIsVisible = 0;
			defaultConfigurationName = Release;
		};
/* End XCConfigurationList section */

/* Begin XCVersionGroup section */
		9A4C4765279C8DF5006F002E /* Data.xcdatamodeld */ = {
			isa = XCVersionGroup;
			children = (
				9A4C4766279C8DF5006F002E /* Data.xcdatamodel */,
			);
			currentVersion = 9A4C4766279C8DF5006F002E /* Data.xcdatamodel */;
			path = Data.xcdatamodeld;
			sourceTree = "<group>";
			versionGroupType = wrapper.xcdatamodel;
		};
/* End XCVersionGroup section */
	};
	rootObject = 7555FF73242A565900829871 /* Project object */;
}
